
Microsoft Visual Studio Solution File, Format Version 12.00
Project("{2150E333-8FDC-42A3-9474-1A3956D46DE8}") = "src", "src", "{8119FEC5-E786-46B2-B91B-8ED54C7683D5}"
EndProject
Project("{2150E333-8FDC-42A3-9474-1A3956D46DE8}") = "test", "test", "{DB146838-3F2E-40B3-986C-C524A1AD855E}"
EndProject
Project("{FAE04EC0-301F-11D3-BF4B-00C04F79EFBC}") = "MarsRoverProject.Domain", "MarsRoverProject.Domain\MarsRoverProject.Domain.csproj", "{65C538FA-C27F-4171-8B7C-FA204C9CE815}"
EndProject
Project("{2150E333-8FDC-42A3-9474-1A3956D46DE8}") = "Core", "Core", "{5AA6AA34-4395-45EB-BB72-33EA9FEF0878}"
EndProject
Project("{FAE04EC0-301F-11D3-BF4B-00C04F79EFBC}") = "MarsRoverProject.Application", "MarsRoverProject.Application\MarsRoverProject.Application.csproj", "{41ABB5FE-D457-479B-B353-85D2B38914B4}"
EndProject
Project("{2150E333-8FDC-42A3-9474-1A3956D46DE8}") = "Infrastructure", "Infrastructure", "{47A0E407-0F62-4155-BBDC-6D9E28847276}"
EndProject
Project("{FAE04EC0-301F-11D3-BF4B-00C04F79EFBC}") = "MarsRoverProject.Persistence", "MarsRoverProject.Persistence\MarsRoverProject.Persistence.csproj", "{7B7CC09C-C1AA-489D-BBF2-3ADE9599A7E5}"
EndProject
Project("{FAE04EC0-301F-11D3-BF4B-00C04F79EFBC}") = "MarsRoverProject.Infrastructure", "MarsRoverProject.Infrastructure\MarsRoverProject.Infrastructure.csproj", "{E2343FC0-C4AE-44BD-B38A-4368E0BE4DA5}"
EndProject
Project("{2150E333-8FDC-42A3-9474-1A3956D46DE8}") = "Presentation", "Presentation", "{01F3B792-961A-4954-AD48-C9FB84C81265}"
EndProject
Project("{FAE04EC0-301F-11D3-BF4B-00C04F79EFBC}") = "MarsRoverProject.WebAPI", "MarsRoverProject.WebAPI\MarsRoverProject.WebAPI.csproj", "{BBA1236F-D632-4BBB-A7B3-A62A67F0C7AE}"
EndProject
Project("{FAE04EC0-301F-11D3-BF4B-00C04F79EFBC}") = "MarsRoverProject.Test", "MarsRoverProject.Test\MarsRoverProject.Test.csproj", "{2135CFBE-D9AB-429E-BA0C-1420BB511D83}"
EndProject
Global
	GlobalSection(SolutionConfigurationPlatforms) = preSolution
		Debug|Any CPU = Debug|Any CPU
		Release|Any CPU = Release|Any CPU
	EndGlobalSection
	GlobalSection(ProjectConfigurationPlatforms) = postSolution
		{65C538FA-C27F-4171-8B7C-FA204C9CE815}.Debug|Any CPU.ActiveCfg = Debug|Any CPU
		{65C538FA-C27F-4171-8B7C-FA204C9CE815}.Debug|Any CPU.Build.0 = Debug|Any CPU
		{65C538FA-C27F-4171-8B7C-FA204C9CE815}.Release|Any CPU.ActiveCfg = Release|Any CPU
		{65C538FA-C27F-4171-8B7C-FA204C9CE815}.Release|Any CPU.Build.0 = Release|Any CPU
		{41ABB5FE-D457-479B-B353-85D2B38914B4}.Debug|Any CPU.ActiveCfg = Debug|Any CPU
		{41ABB5FE-D457-479B-B353-85D2B38914B4}.Debug|Any CPU.Build.0 = Debug|Any CPU
		{41ABB5FE-D457-479B-B353-85D2B38914B4}.Release|Any CPU.ActiveCfg = Release|Any CPU
		{41ABB5FE-D457-479B-B353-85D2B38914B4}.Release|Any CPU.Build.0 = Release|Any CPU
		{7B7CC09C-C1AA-489D-BBF2-3ADE9599A7E5}.Debug|Any CPU.ActiveCfg = Debug|Any CPU
		{7B7CC09C-C1AA-489D-BBF2-3ADE9599A7E5}.Debug|Any CPU.Build.0 = Debug|Any CPU
		{7B7CC09C-C1AA-489D-BBF2-3ADE9599A7E5}.Release|Any CPU.ActiveCfg = Release|Any CPU
		{7B7CC09C-C1AA-489D-BBF2-3ADE9599A7E5}.Release|Any CPU.Build.0 = Release|Any CPU
		{E2343FC0-C4AE-44BD-B38A-4368E0BE4DA5}.Debug|Any CPU.ActiveCfg = Debug|Any CPU
		{E2343FC0-C4AE-44BD-B38A-4368E0BE4DA5}.Debug|Any CPU.Build.0 = Debug|Any CPU
		{E2343FC0-C4AE-44BD-B38A-4368E0BE4DA5}.Release|Any CPU.ActiveCfg = Release|Any CPU
		{E2343FC0-C4AE-44BD-B38A-4368E0BE4DA5}.Release|Any CPU.Build.0 = Release|Any CPU
		{BBA1236F-D632-4BBB-A7B3-A62A67F0C7AE}.Debug|Any CPU.ActiveCfg = Debug|Any CPU
		{BBA1236F-D632-4BBB-A7B3-A62A67F0C7AE}.Debug|Any CPU.Build.0 = Debug|Any CPU
		{BBA1236F-D632-4BBB-A7B3-A62A67F0C7AE}.Release|Any CPU.ActiveCfg = Release|Any CPU
		{BBA1236F-D632-4BBB-A7B3-A62A67F0C7AE}.Release|Any CPU.Build.0 = Release|Any CPU
		{2135CFBE-D9AB-429E-BA0C-1420BB511D83}.Debug|Any CPU.ActiveCfg = Debug|Any CPU
		{2135CFBE-D9AB-429E-BA0C-1420BB511D83}.Debug|Any CPU.Build.0 = Debug|Any CPU
		{2135CFBE-D9AB-429E-BA0C-1420BB511D83}.Release|Any CPU.ActiveCfg = Release|Any CPU
		{2135CFBE-D9AB-429E-BA0C-1420BB511D83}.Release|Any CPU.Build.0 = Release|Any CPU
	EndGlobalSection
	GlobalSection(NestedProjects) = preSolution
		{5AA6AA34-4395-45EB-BB72-33EA9FEF0878} = {8119FEC5-E786-46B2-B91B-8ED54C7683D5}
		{65C538FA-C27F-4171-8B7C-FA204C9CE815} = {5AA6AA34-4395-45EB-BB72-33EA9FEF0878}
		{41ABB5FE-D457-479B-B353-85D2B38914B4} = {5AA6AA34-4395-45EB-BB72-33EA9FEF0878}
		{47A0E407-0F62-4155-BBDC-6D9E28847276} = {8119FEC5-E786-46B2-B91B-8ED54C7683D5}
		{7B7CC09C-C1AA-489D-BBF2-3ADE9599A7E5} = {47A0E407-0F62-4155-BBDC-6D9E28847276}
		{E2343FC0-C4AE-44BD-B38A-4368E0BE4DA5} = {47A0E407-0F62-4155-BBDC-6D9E28847276}
		{01F3B792-961A-4954-AD48-C9FB84C81265} = {8119FEC5-E786-46B2-B91B-8ED54C7683D5}
		{BBA1236F-D632-4BBB-A7B3-A62A67F0C7AE} = {01F3B792-961A-4954-AD48-C9FB84C81265}
		{2135CFBE-D9AB-429E-BA0C-1420BB511D83} = {DB146838-3F2E-40B3-986C-C524A1AD855E}
	EndGlobalSection
EndGlobal
